
Microsoft Visual Studio Solution File, Format Version 12.00
# Visual Studio Version 17
VisualStudioVersion = 17.7.34031.279
MinimumVisualStudioVersion = 10.0.40219.1
Project("{FAE04EC0-301F-11D3-BF4B-00C04F79EFBC}") = "testBacked", "testBacked\testBacked.csproj", "{E354D108-36F7-491E-80C5-53E65B60A74B}"
EndProject
Global
	GlobalSection(SolutionConfigurationPlatforms) = preSolution
		Debug|Any CPU = Debug|Any CPU
		Release|Any CPU = Release|Any CPU
	EndGlobalSection
	GlobalSection(ProjectConfigurationPlatforms) = postSolution
		{E354D108-36F7-491E-80C5-53E65B60A74B}.Debug|Any CPU.ActiveCfg = Debug|Any CPU
		{E354D108-36F7-491E-80C5-53E65B60A74B}.Debug|Any CPU.Build.0 = Debug|Any CPU
		{E354D108-36F7-491E-80C5-53E65B60A74B}.Release|Any CPU.ActiveCfg = Release|Any CPU
		{E354D108-36F7-491E-80C5-53E65B60A74B}.Release|Any CPU.Build.0 = Release|Any CPU
	EndGlobalSection
	GlobalSection(SolutionProperties) = preSolution
		HideSolutionNode = FALSE
	EndGlobalSection
	GlobalSection(ExtensibilityGlobals) = postSolution
		SolutionGuid = {1BB5BFF6-3A0A-4CB2-8A0E-C9E00B611DFC}
	EndGlobalSection
EndGlobal
