
Microsoft Visual Studio Solution File, Format Version 12.00
# Visual Studio Version 17
VisualStudioVersion = 17.7.34031.279
MinimumVisualStudioVersion = 10.0.40219.1
Project("{FAE04EC0-301F-11D3-BF4B-00C04F79EFBC}") = "P235FirstApi", "P235FirstApi\P235FirstApi.csproj", "{3E70ACA4-B879-4257-BF14-5394FBF98A23}"
EndProject
Global
	GlobalSection(SolutionConfigurationPlatforms) = preSolution
		Debug|Any CPU = Debug|Any CPU
		Release|Any CPU = Release|Any CPU
	EndGlobalSection
	GlobalSection(ProjectConfigurationPlatforms) = postSolution
		{3E70ACA4-B879-4257-BF14-5394FBF98A23}.Debug|Any CPU.ActiveCfg = Debug|Any CPU
		{3E70ACA4-B879-4257-BF14-5394FBF98A23}.Debug|Any CPU.Build.0 = Debug|Any CPU
		{3E70ACA4-B879-4257-BF14-5394FBF98A23}.Release|Any CPU.ActiveCfg = Release|Any CPU
		{3E70ACA4-B879-4257-BF14-5394FBF98A23}.Release|Any CPU.Build.0 = Release|Any CPU
	EndGlobalSection
	GlobalSection(SolutionProperties) = preSolution
		HideSolutionNode = FALSE
	EndGlobalSection
	GlobalSection(ExtensibilityGlobals) = postSolution
		SolutionGuid = {02ECB0B6-5C12-4261-AE6F-5BE8BB5BBD6C}
	EndGlobalSection
EndGlobal
