
Microsoft Visual Studio Solution File, Format Version 12.00
# Visual Studio Version 17
VisualStudioVersion = 17.5.33530.505
MinimumVisualStudioVersion = 10.0.40219.1
Project("{FAE04EC0-301F-11D3-BF4B-00C04F79EFBC}") = "MentorApp", "MentorApp\MentorApp.csproj", "{0FD623EB-9EB8-47E6-B578-F99A8346E74D}"
EndProject
Global
	GlobalSection(SolutionConfigurationPlatforms) = preSolution
		Debug|Any CPU = Debug|Any CPU
		Release|Any CPU = Release|Any CPU
	EndGlobalSection
	GlobalSection(ProjectConfigurationPlatforms) = postSolution
		{0FD623EB-9EB8-47E6-B578-F99A8346E74D}.Debug|Any CPU.ActiveCfg = Debug|Any CPU
		{0FD623EB-9EB8-47E6-B578-F99A8346E74D}.Debug|Any CPU.Build.0 = Debug|Any CPU
		{0FD623EB-9EB8-47E6-B578-F99A8346E74D}.Release|Any CPU.ActiveCfg = Release|Any CPU
		{0FD623EB-9EB8-47E6-B578-F99A8346E74D}.Release|Any CPU.Build.0 = Release|Any CPU
	EndGlobalSection
	GlobalSection(SolutionProperties) = preSolution
		HideSolutionNode = FALSE
	EndGlobalSection
	GlobalSection(ExtensibilityGlobals) = postSolution
		SolutionGuid = {BEE2A81D-FEEF-466C-ABAC-DF8B83E22E60}
	EndGlobalSection
EndGlobal
